// !$*UTF8*$!
{
	archiveVersion = 1;
	classes = {
	};
	objectVersion = 56;
	objects = {

/* Begin PBXBuildFile section */
		9AB2AD4B29ADCD2F002312BF /* BackgroundViewController.swift in Sources */ = {isa = PBXBuildFile; fileRef = 9AB2AD4A29ADCD2F002312BF /* BackgroundViewController.swift */; };
		9AB2AD4D29ADCDAD002312BF /* FunFactsViewController.swift in Sources */ = {isa = PBXBuildFile; fileRef = 9AB2AD4C29ADCDAD002312BF /* FunFactsViewController.swift */; };
		9AE37C4329AAF397007CC20C /* AppDelegate.swift in Sources */ = {isa = PBXBuildFile; fileRef = 9AE37C4229AAF397007CC20C /* AppDelegate.swift */; };
		9AE37C4529AAF397007CC20C /* SceneDelegate.swift in Sources */ = {isa = PBXBuildFile; fileRef = 9AE37C4429AAF397007CC20C /* SceneDelegate.swift */; };
		9AE37C4729AAF397007CC20C /* ViewController.swift in Sources */ = {isa = PBXBuildFile; fileRef = 9AE37C4629AAF397007CC20C /* ViewController.swift */; };
		9AE37C4A29AAF397007CC20C /* Main.storyboard in Resources */ = {isa = PBXBuildFile; fileRef = 9AE37C4829AAF397007CC20C /* Main.storyboard */; };
		9AE37C4C29AAF398007CC20C /* Assets.xcassets in Resources */ = {isa = PBXBuildFile; fileRef = 9AE37C4B29AAF398007CC20C /* Assets.xcassets */; };
		9AE37C4F29AAF398007CC20C /* LaunchScreen.storyboard in Resources */ = {isa = PBXBuildFile; fileRef = 9AE37C4D29AAF398007CC20C /* LaunchScreen.storyboard */; };
		9AE37C5729ADA3E8007CC20C /* PowerViewController.swift in Sources */ = {isa = PBXBuildFile; fileRef = 9AE37C5629ADA3E8007CC20C /* PowerViewController.swift */; };
/* End PBXBuildFile section */

/* Begin PBXFileReference section */
		9AB2AD4A29ADCD2F002312BF /* BackgroundViewController.swift */ = {isa = PBXFileReference; lastKnownFileType = sourcecode.swift; name = BackgroundViewController.swift; path = MyStory/BackgroundViewController.swift; sourceTree = "<group>"; };
		9AB2AD4C29ADCDAD002312BF /* FunFactsViewController.swift */ = {isa = PBXFileReference; lastKnownFileType = sourcecode.swift; name = FunFactsViewController.swift; path = MyStory/FunFactsViewController.swift; sourceTree = "<group>"; };
		9AE37C3F29AAF397007CC20C /* MyStory.app */ = {isa = PBXFileReference; explicitFileType = wrapper.application; includeInIndex = 0; path = MyStory.app; sourceTree = BUILT_PRODUCTS_DIR; };
		9AE37C4229AAF397007CC20C /* AppDelegate.swift */ = {isa = PBXFileReference; lastKnownFileType = sourcecode.swift; path = AppDelegate.swift; sourceTree = "<group>"; };
		9AE37C4429AAF397007CC20C /* SceneDelegate.swift */ = {isa = PBXFileReference; lastKnownFileType = sourcecode.swift; path = SceneDelegate.swift; sourceTree = "<group>"; };
		9AE37C4629AAF397007CC20C /* ViewController.swift */ = {isa = PBXFileReference; lastKnownFileType = sourcecode.swift; path = ViewController.swift; sourceTree = "<group>"; };
		9AE37C4929AAF397007CC20C /* Base */ = {isa = PBXFileReference; lastKnownFileType = file.storyboard; name = Base; path = Base.lproj/Main.storyboard; sourceTree = "<group>"; };
		9AE37C4B29AAF398007CC20C /* Assets.xcassets */ = {isa = PBXFileReference; lastKnownFileType = folder.assetcatalog; path = Assets.xcassets; sourceTree = "<group>"; };
		9AE37C4E29AAF398007CC20C /* Base */ = {isa = PBXFileReference; lastKnownFileType = file.storyboard; name = Base; path = Base.lproj/LaunchScreen.storyboard; sourceTree = "<group>"; };
		9AE37C5029AAF398007CC20C /* Info.plist */ = {isa = PBXFileReference; lastKnownFileType = text.plist.xml; path = Info.plist; sourceTree = "<group>"; };
		9AE37C5629ADA3E8007CC20C /* PowerViewController.swift */ = {isa = PBXFileReference; lastKnownFileType = sourcecode.swift; name = PowerViewController.swift; path = MyStory/PowerViewController.swift; sourceTree = "<group>"; };
/* End PBXFileReference section */

/* Begin PBXFrameworksBuildPhase section */
		9AE37C3C29AAF397007CC20C /* Frameworks */ = {
			isa = PBXFrameworksBuildPhase;
			buildActionMask = 2147483647;
			files = (
			);
			runOnlyForDeploymentPostprocessing = 0;
		};
/* End PBXFrameworksBuildPhase section */

/* Begin PBXGroup section */
		9AE37C3629AAF397007CC20C = {
			isa = PBXGroup;
			children = (
				9AB2AD4A29ADCD2F002312BF /* BackgroundViewController.swift */,
				9AE37C5629ADA3E8007CC20C /* PowerViewController.swift */,
				9AB2AD4C29ADCDAD002312BF /* FunFactsViewController.swift */,
				9AE37C4129AAF397007CC20C /* MyStory */,
				9AE37C4029AAF397007CC20C /* Products */,
			);
			sourceTree = "<group>";
		};
		9AE37C4029AAF397007CC20C /* Products */ = {
			isa = PBXGroup;
			children = (
				9AE37C3F29AAF397007CC20C /* MyStory.app */,
			);
			name = Products;
			sourceTree = "<group>";
		};
		9AE37C4129AAF397007CC20C /* MyStory */ = {
			isa = PBXGroup;
			children = (
				9AE37C4229AAF397007CC20C /* AppDelegate.swift */,
				9AE37C4429AAF397007CC20C /* SceneDelegate.swift */,
				9AE37C4629AAF397007CC20C /* ViewController.swift */,
				9AE37C4829AAF397007CC20C /* Main.storyboard */,
				9AE37C4B29AAF398007CC20C /* Assets.xcassets */,
				9AE37C4D29AAF398007CC20C /* LaunchScreen.storyboard */,
				9AE37C5029AAF398007CC20C /* Info.plist */,
			);
			path = MyStory;
			sourceTree = "<group>";
		};
/* End PBXGroup section */

/* Begin PBXNativeTarget section */
		9AE37C3E29AAF397007CC20C /* MyStory */ = {
			isa = PBXNativeTarget;
			buildConfigurationList = 9AE37C5329AAF398007CC20C /* Build configuration list for PBXNativeTarget "MyStory" */;
			buildPhases = (
				9AE37C3B29AAF397007CC20C /* Sources */,
				9AE37C3C29AAF397007CC20C /* Frameworks */,
				9AE37C3D29AAF397007CC20C /* Resources */,
			);
			buildRules = (
			);
			dependencies = (
			);
			name = MyStory;
			productName = MyStory;
			productReference = 9AE37C3F29AAF397007CC20C /* MyStory.app */;
			productType = "com.apple.product-type.application";
		};
/* End PBXNativeTarget section */

/* Begin PBXProject section */
		9AE37C3729AAF397007CC20C /* Project object */ = {
			isa = PBXProject;
			attributes = {
				BuildIndependentTargetsInParallel = 1;
				LastSwiftUpdateCheck = 1420;
				LastUpgradeCheck = 1420;
				TargetAttributes = {
					9AE37C3E29AAF397007CC20C = {
						CreatedOnToolsVersion = 14.2;
					};
				};
			};
			buildConfigurationList = 9AE37C3A29AAF397007CC20C /* Build configuration list for PBXProject "MyStory" */;
			compatibilityVersion = "Xcode 14.0";
			developmentRegion = en;
			hasScannedForEncodings = 0;
			knownRegions = (
				en,
				Base,
			);
			mainGroup = 9AE37C3629AAF397007CC20C;
			productRefGroup = 9AE37C4029AAF397007CC20C /* Products */;
			projectDirPath = "";
			projectRoot = "";
			targets = (
				9AE37C3E29AAF397007CC20C /* MyStory */,
			);
		};
/* End PBXProject section */

/* Begin PBXResourcesBuildPhase section */
		9AE37C3D29AAF397007CC20C /* Resources */ = {
			isa = PBXResourcesBuildPhase;
			buildActionMask = 2147483647;
			files = (
				9AE37C4F29AAF398007CC20C /* LaunchScreen.storyboard in Resources */,
				9AE37C4C29AAF398007CC20C /* Assets.xcassets in Resources */,
				9AE37C4A29AAF397007CC20C /* Main.storyboard in Resources */,
			);
			runOnlyForDeploymentPostprocessing = 0;
		};
/* End PBXResourcesBuildPhase section */

/* Begin PBXSourcesBuildPhase section */
		9AE37C3B29AAF397007CC20C /* Sources */ = {
			isa = PBXSourcesBuildPhase;
			buildActionMask = 2147483647;
			files = (
				9AB2AD4D29ADCDAD002312BF /* FunFactsViewController.swift in Sources */,
				9AE37C4729AAF397007CC20C /* ViewController.swift in Sources */,
				9AE37C4329AAF397007CC20C /* AppDelegate.swift in Sources */,
				9AB2AD4B29ADCD2F002312BF /* BackgroundViewController.swift in Sources */,
				9AE37C4529AAF397007CC20C /* SceneDelegate.swift in Sources */,
				9AE37C5729ADA3E8007CC20C /* PowerViewController.swift in Sources */,
			);
			runOnlyForDeploymentPostprocessing = 0;
		};
/* End PBXSourcesBuildPhase section */

/* Begin PBXVariantGroup section */
		9AE37C4829AAF397007CC20C /* Main.storyboard */ = {
			isa = PBXVariantGroup;
			children = (
				9AE37C4929AAF397007CC20C /* Base */,
			);
			name = Main.storyboard;
			sourceTree = "<group>";
		};
		9AE37C4D29AAF398007CC20C /* LaunchScreen.storyboard */ = {
			isa = PBXVariantGroup;
			children = (
				9AE37C4E29AAF398007CC20C /* Base */,
			);
			name = LaunchScreen.storyboard;
			sourceTree = "<group>";
		};
/* End PBXVariantGroup section */

/* Begin XCBuildConfiguration section */
		9AE37C5129AAF398007CC20C /* Debug */ = {
			isa = XCBuildConfiguration;
			buildSettings = {
				ALWAYS_SEARCH_USER_PATHS = NO;
				CLANG_ANALYZER_NONNULL = YES;
				CLANG_ANALYZER_NUMBER_OBJECT_CONVERSION = YES_AGGRESSIVE;
				CLANG_CXX_LANGUAGE_STANDARD = "gnu++20";
				CLANG_ENABLE_MODULES = YES;
				CLANG_ENABLE_OBJC_ARC = YES;
				CLANG_ENABLE_OBJC_WEAK = YES;
				CLANG_WARN_BLOCK_CAPTURE_AUTORELEASING = YES;
				CLANG_WARN_BOOL_CONVERSION = YES;
				CLANG_WARN_COMMA = YES;
				CLANG_WARN_CONSTANT_CONVERSION = YES;
				CLANG_WARN_DEPRECATED_OBJC_IMPLEMENTATIONS = YES;
				CLANG_WARN_DIRECT_OBJC_ISA_USAGE = YES_ERROR;
				CLANG_WARN_DOCUMENTATION_COMMENTS = YES;
				CLANG_WARN_EMPTY_BODY = YES;
				CLANG_WARN_ENUM_CONVERSION = YES;
				CLANG_WARN_INFINITE_RECURSION = YES;
				CLANG_WARN_INT_CONVERSION = YES;
				CLANG_WARN_NON_LITERAL_NULL_CONVERSION = YES;
				CLANG_WARN_OBJC_IMPLICIT_RETAIN_SELF = YES;
				CLANG_WARN_OBJC_LITERAL_CONVERSION = YES;
				CLANG_WARN_OBJC_ROOT_CLASS = YES_ERROR;
				CLANG_WARN_QUOTED_INCLUDE_IN_FRAMEWORK_HEADER = YES;
				CLANG_WARN_RANGE_LOOP_ANALYSIS = YES;
				CLANG_WARN_STRICT_PROTOTYPES = YES;
				CLANG_WARN_SUSPICIOUS_MOVE = YES;
				CLANG_WARN_UNGUARDED_AVAILABILITY = YES_AGGRESSIVE;
				CLANG_WARN_UNREACHABLE_CODE = YES;
				CLANG_WARN__DUPLICATE_METHOD_MATCH = YES;
				COPY_PHASE_STRIP = NO;
				DEBUG_INFORMATION_FORMAT = dwarf;
				ENABLE_STRICT_OBJC_MSGSEND = YES;
				ENABLE_TESTABILITY = YES;
				GCC_C_LANGUAGE_STANDARD = gnu11;
				GCC_DYNAMIC_NO_PIC = NO;
				GCC_NO_COMMON_BLOCKS = YES;
				GCC_OPTIMIZATION_LEVEL = 0;
				GCC_PREPROCESSOR_DEFINITIONS = (
					"DEBUG=1",
					"$(inherited)",
				);
				GCC_WARN_64_TO_32_BIT_CONVERSION = YES;
				GCC_WARN_ABOUT_RETURN_TYPE = YES_ERROR;
				GCC_WARN_UNDECLARED_SELECTOR = YES;
				GCC_WARN_UNINITIALIZED_AUTOS = YES_AGGRESSIVE;
				GCC_WARN_UNUSED_FUNCTION = YES;
				GCC_WARN_UNUSED_VARIABLE = YES;
				IPHONEOS_DEPLOYMENT_TARGET = 16.2;
				MTL_ENABLE_DEBUG_INFO = INCLUDE_SOURCE;
				MTL_FAST_MATH = YES;
				ONLY_ACTIVE_ARCH = YES;
				SDKROOT = iphoneos;
				SWIFT_ACTIVE_COMPILATION_CONDITIONS = DEBUG;
				SWIFT_OPTIMIZATION_LEVEL = "-Onone";
			};
			name = Debug;
		};
		9AE37C5229AAF398007CC20C /* Release */ = {
			isa = XCBuildConfiguration;
			buildSettings = {
				ALWAYS_SEARCH_USER_PATHS = NO;
				CLANG_ANALYZER_NONNULL = YES;
				CLANG_ANALYZER_NUMBER_OBJECT_CONVERSION = YES_AGGRESSIVE;
				CLANG_CXX_LANGUAGE_STANDARD = "gnu++20";
				CLANG_ENABLE_MODULES = YES;
				CLANG_ENABLE_OBJC_ARC = YES;
				CLANG_ENABLE_OBJC_WEAK = YES;
				CLANG_WARN_BLOCK_CAPTURE_AUTORELEASING = YES;
				CLANG_WARN_BOOL_CONVERSION = YES;
				CLANG_WARN_COMMA = YES;
				CLANG_WARN_CONSTANT_CONVERSION = YES;
				CLANG_WARN_DEPRECATED_OBJC_IMPLEMENTATIONS = YES;
				CLANG_WARN_DIRECT_OBJC_ISA_USAGE = YES_ERROR;
				CLANG_WARN_DOCUMENTATION_COMMENTS = YES;
				CLANG_WARN_EMPTY_BODY = YES;
				CLANG_WARN_ENUM_CONVERSION = YES;
				CLANG_WARN_INFINITE_RECURSION = YES;
				CLANG_WARN_INT_CONVERSION = YES;
				CLANG_WARN_NON_LITERAL_NULL_CONVERSION = YES;
				CLANG_WARN_OBJC_IMPLICIT_RETAIN_SELF = YES;
				CLANG_WARN_OBJC_LITERAL_CONVERSION = YES;
				CLANG_WARN_OBJC_ROOT_CLASS = YES_ERROR;
				CLANG_WARN_QUOTED_INCLUDE_IN_FRAMEWORK_HEADER = YES;
				CLANG_WARN_RANGE_LOOP_ANALYSIS = YES;
				CLANG_WARN_STRICT_PROTOTYPES = YES;
				CLANG_WARN_SUSPICIOUS_MOVE = YES;
				CLANG_WARN_UNGUARDED_AVAILABILITY = YES_AGGRESSIVE;
				CLANG_WARN_UNREACHABLE_CODE = YES;
				CLANG_WARN__DUPLICATE_METHOD_MATCH = YES;
				COPY_PHASE_STRIP = NO;
				DEBUG_INFORMATION_FORMAT = "dwarf-with-dsym";
				ENABLE_NS_ASSERTIONS = NO;
				ENABLE_STRICT_OBJC_MSGSEND = YES;
				GCC_C_LANGUAGE_STANDARD = gnu11;
				GCC_NO_COMMON_BLOCKS = YES;
				GCC_WARN_64_TO_32_BIT_CONVERSION = YES;
				GCC_WARN_ABOUT_RETURN_TYPE = YES_ERROR;
				GCC_WARN_UNDECLARED_SELECTOR = YES;
				GCC_WARN_UNINITIALIZED_AUTOS = YES_AGGRESSIVE;
				GCC_WARN_UNUSED_FUNCTION = YES;
				GCC_WARN_UNUSED_VARIABLE = YES;
				IPHONEOS_DEPLOYMENT_TARGET = 16.2;
				MTL_ENABLE_DEBUG_INFO = NO;
				MTL_FAST_MATH = YES;
				SDKROOT = iphoneos;
				SWIFT_COMPILATION_MODE = wholemodule;
				SWIFT_OPTIMIZATION_LEVEL = "-O";
				VALIDATE_PRODUCT = YES;
			};
			name = Release;
		};
		9AE37C5429AAF398007CC20C /* Debug */ = {
			isa = XCBuildConfiguration;
			buildSettings = {
				ASSETCATALOG_COMPILER_APPICON_NAME = AppIcon;
				ASSETCATALOG_COMPILER_GLOBAL_ACCENT_COLOR_NAME = AccentColor;
				CODE_SIGN_STYLE = Automatic;
				CURRENT_PROJECT_VERSION = 1;
				DEVELOPMENT_TEAM = 35BZ326AZQ;
				GENERATE_INFOPLIST_FILE = YES;
				INFOPLIST_FILE = MyStory/Info.plist;
				INFOPLIST_KEY_UIApplicationSupportsIndirectInputEvents = YES;
				INFOPLIST_KEY_UILaunchStoryboardName = LaunchScreen;
				INFOPLIST_KEY_UIMainStoryboardFile = Main;
				INFOPLIST_KEY_UISupportedInterfaceOrientations_iPad = "UIInterfaceOrientationPortrait UIInterfaceOrientationPortraitUpsideDown UIInterfaceOrientationLandscapeLeft UIInterfaceOrientationLandscapeRight";
				INFOPLIST_KEY_UISupportedInterfaceOrientations_iPhone = "UIInterfaceOrientationPortrait UIInterfaceOrientationLandscapeLeft UIInterfaceOrientationLandscapeRight";
				LD_RUNPATH_SEARCH_PATHS = (
					"$(inherited)",
					"@executable_path/Frameworks",
				);
				MARKETING_VERSION = 1.0;
				PRODUCT_BUNDLE_IDENTIFIER = jingliu.MyStory;
				PRODUCT_NAME = "$(TARGET_NAME)";
				SWIFT_EMIT_LOC_STRINGS = YES;
				SWIFT_VERSION = 5.0;
				TARGETED_DEVICE_FAMILY = "1,2";
			};
			name = Debug;
		};
		9AE37C5529AAF398007CC20C /* Release */ = {
			isa = XCBuildConfiguration;
			buildSettings = {
				ASSETCATALOG_COMPILER_APPICON_NAME = AppIcon;
				ASSETCATALOG_COMPILER_GLOBAL_ACCENT_COLOR_NAME = AccentColor;
				CODE_SIGN_STYLE = Automatic;
				CURRENT_PROJECT_VERSION = 1;
				DEVELOPMENT_TEAM = 35BZ326AZQ;
				GENERATE_INFOPLIST_FILE = YES;
				INFOPLIST_FILE = MyStory/Info.plist;
				INFOPLIST_KEY_UIApplicationSupportsIndirectInputEvents = YES;
				INFOPLIST_KEY_UILaunchStoryboardName = LaunchScreen;
				INFOPLIST_KEY_UIMainStoryboardFile = Main;
				INFOPLIST_KEY_UISupportedInterfaceOrientations_iPad = "UIInterfaceOrientationPortrait UIInterfaceOrientationPortraitUpsideDown UIInterfaceOrientationLandscapeLeft UIInterfaceOrientationLandscapeRight";
				INFOPLIST_KEY_UISupportedInterfaceOrientations_iPhone = "UIInterfaceOrientationPortrait UIInterfaceOrientationLandscapeLeft UIInterfaceOrientationLandscapeRight";
				LD_RUNPATH_SEARCH_PATHS = (
					"$(inherited)",
					"@executable_path/Frameworks",
				);
				MARKETING_VERSION = 1.0;
				PRODUCT_BUNDLE_IDENTIFIER = jingliu.MyStory;
				PRODUCT_NAME = "$(TARGET_NAME)";
				SWIFT_EMIT_LOC_STRINGS = YES;
				SWIFT_VERSION = 5.0;
				TARGETED_DEVICE_FAMILY = "1,2";
			};
			name = Release;
		};
/* End XCBuildConfiguration section */

/* Begin XCConfigurationList section */
		9AE37C3A29AAF397007CC20C /* Build configuration list for PBXProject "MyStory" */ = {
			isa = XCConfigurationList;
			buildConfigurations = (
				9AE37C5129AAF398007CC20C /* Debug */,
				9AE37C5229AAF398007CC20C /* Release */,
			);
			defaultConfigurationIsVisible = 0;
			defaultConfigurationName = Release;
		};
		9AE37C5329AAF398007CC20C /* Build configuration list for PBXNativeTarget "MyStory" */ = {
			isa = XCConfigurationList;
			buildConfigurations = (
				9AE37C5429AAF398007CC20C /* Debug */,
				9AE37C5529AAF398007CC20C /* Release */,
			);
			defaultConfigurationIsVisible = 0;
			defaultConfigurationName = Release;
		};
/* End XCConfigurationList section */
	};
	rootObject = 9AE37C3729AAF397007CC20C /* Project object */;
}
